{
  "name": "@tencentcloud/chat-uikit-wechat",
  "version": "1.1.7",
  "lockfileVersion": 3,
  "requires": true,
  "packages": {
    "": {
      "name": "@tencentcloud/chat-uikit-wechat",
      "version": "1.1.7",
      "license": "ISC",
      "dependencies": {
        "@tencentcloud/chat": "^3.2.0",
        "tim-profanity-filter-plugin": "^0.9.0",
        "tim-upload-plugin": "^1.1.0"
      }
    },
    "node_modules/@tencentcloud/chat": {
      "version": "3.2.8",
      "resolved": "https://registry.npmjs.org/@tencentcloud/chat/-/chat-3.2.8.tgz",
      "integrity": "sha512-0T6YO2qIx+bXRBZCdkwJX1SL+isV77PPVnjCkyXw4tQp/s6OU2XwXzO6I9CtlF4Cr7+NztmNVr1n7kA/DHu1Yw=="
    },
    "node_modules/tim-profanity-filter-plugin": {
      "version": "0.9.0",
      "resolved": "https://registry.npmjs.org/tim-profanity-filter-plugin/-/tim-profanity-filter-plugin-0.9.0.tgz",
      "integrity": "sha512-SDlV3nJfOyohjg4stPMQDZ893WVgvlSwnSqY8hQhbcj80K+joFfeyRKKEkuRhvYWR0f2kn4MM1E0spnQjKN5bg=="
    },
    "node_modules/tim-upload-plugin": {
      "version": "1.3.0",
      "resolved": "https://registry.npmjs.org/tim-upload-plugin/-/tim-upload-plugin-1.3.0.tgz",
      "integrity": "sha512-meoGeB3vOs3FvtBh+ik7zlOj8C03tC6MZEkjc8BKYvgTrCzBWVDXZi9a3X8AM/YtoyuTaeLuEmaLQj1O/5luuw=="
    }
  }
}
