{
  "name": "miniprogram",
  "version": "1.0.0",
  "lockfileVersion": 2,
  "requires": true,
  "packages": {
    "": {
      "name": "miniprogram",
      "version": "1.0.0",
      "license": "ISC",
      "dependencies": {
        "@tencentcloud/chat-uikit-wechat": "^2.0.2",
        "@types/wechat-miniprogram": "^3.4.7",
        "@vant/weapp": "^1.5.0",
        "axios": "^0.18.0",
        "axios-miniprogram-adapter": "^0.3.5",
        "axios-wechat-adapter": "^0.0.9",
        "miniprogram-sm-crypto": "^0.3.13",
        "moment": "^2.30.1",
        "rxjs": "^7.8.1"
      }
    },
    "node_modules/@tencentcloud/chat": {
      "version": "3.2.8",
      "resolved": "https://registry.npmjs.org/@tencentcloud/chat/-/chat-3.2.8.tgz",
      "integrity": "sha512-0T6YO2qIx+bXRBZCdkwJX1SL+isV77PPVnjCkyXw4tQp/s6OU2XwXzO6I9CtlF4Cr7+NztmNVr1n7kA/DHu1Yw=="
    },
    "node_modules/@tencentcloud/chat-uikit-engine": {
      "version": "2.0.5",
      "resolved": "https://registry.npmjs.org/@tencentcloud/chat-uikit-engine/-/chat-uikit-engine-2.0.5.tgz",
      "integrity": "sha512-yjz+an3D5hRbsqVRjWXl0jV0TH4yXxUv4Nij6E/2V0IQWuiNNh6ysEEUe9jrikjeUIceZ97gxMJgYxL4+3AM7Q==",
      "dependencies": {
        "@tencentcloud/chat": "latest",
        "tim-profanity-filter-plugin": "latest",
        "tim-upload-plugin": "latest"
      }
    },
    "node_modules/@tencentcloud/chat-uikit-wechat": {
      "version": "2.0.2",
      "resolved": "https://registry.npmjs.org/@tencentcloud/chat-uikit-wechat/-/chat-uikit-wechat-2.0.2.tgz",
      "integrity": "sha512-/3m/WmJHEC0kjv52kNa9y7pJbIxZHIxyfomhauuFbx2aNyugB3MXRzjFOn6WmCxpXIWtsAgvVJgDoePDNzdrJg==",
      "dependencies": {
        "@tencentcloud/chat": "latest",
        "@tencentcloud/chat-uikit-engine": "latest",
        "@tencentcloud/tui-core": "latest",
        "@tencentcloud/tui-customer-service-plugin-wechat": "latest",
        "tim-profanity-filter-plugin": "latest",
        "tim-upload-plugin": "latest"
      }
    },
    "node_modules/@tencentcloud/tui-core": {
      "version": "2.0.5",
      "resolved": "https://registry.npmjs.org/@tencentcloud/tui-core/-/tui-core-2.0.5.tgz",
      "integrity": "sha512-LTdHGw31HEEsZQrvE7MM8yXCG54tLyGFEFPjAbXItsny5iWKUjHkKh7ZHI/Em8NKgDjPKlSW19hXh0HJz9sJZw==",
      "dependencies": {
        "@tencentcloud/chat": "latest",
        "tim-profanity-filter-plugin": "latest",
        "tim-upload-plugin": "latest"
      }
    },
    "node_modules/@tencentcloud/tui-customer-service-plugin-wechat": {
      "version": "0.1.0",
      "resolved": "https://registry.npmjs.org/@tencentcloud/tui-customer-service-plugin-wechat/-/tui-customer-service-plugin-wechat-0.1.0.tgz",
      "integrity": "sha512-OQ2bPXHbZxmyrmCdC8riJx+C/ScXDToBNfmNaWLfoG37+sm3wgWyT/ol/vuXKfnwc+QlSX2Fvi2UkajU4DjCCg=="
    },
    "node_modules/@types/wechat-miniprogram": {
      "version": "3.4.7",
      "resolved": "https://registry.npmjs.org/@types/wechat-miniprogram/-/wechat-miniprogram-3.4.7.tgz",
      "integrity": "sha512-X6SVOOaTPQN24lYBSV5jLuWyIedx8DGJnT0VUBnoNzJruhxotCL28ecGb7AO5JfXOXtHqSS5+CnJ70NxFxmisA=="
    },
    "node_modules/@vant/weapp": {
      "version": "1.5.0",
      "resolved": "https://registry.npmjs.org/@vant/weapp/-/weapp-1.5.0.tgz",
      "integrity": "sha512-4hBH8U3/GQID+N1fV0m4dTbVR0R0iN06Zr2Xd9XFI2MvYXqtAWCrPkJ5umLxFF1MpZjlS/20V50MsGICgwZBug=="
    },
    "node_modules/axios": {
      "version": "0.18.1",
      "resolved": "https://registry.npmjs.org/axios/-/axios-0.18.1.tgz",
      "integrity": "sha512-0BfJq4NSfQXd+SkFdrvFbG7addhYSBA2mQwISr46pD6E5iqkWg02RAs8vyTT/j0RTnoYmeXauBuSv1qKwR179g==",
      "deprecated": "Critical security vulnerability fixed in v0.21.1. For more information, see https://github.com/axios/axios/pull/3410",
      "dependencies": {
        "follow-redirects": "1.5.10",
        "is-buffer": "^2.0.2"
      }
    },
    "node_modules/axios-miniprogram-adapter": {
      "version": "0.3.5",
      "resolved": "https://registry.npmjs.org/axios-miniprogram-adapter/-/axios-miniprogram-adapter-0.3.5.tgz",
      "integrity": "sha512-ZAudH+aTi0QPIy8IQm26F0nxKoTFa/mNhDfxGkG5ndsQe4RVnyyb6f50tIT13nHtNepAjZo9i+UGmTbke5+lbQ==",
      "dependencies": {
        "axios": "^0.19.2"
      }
    },
    "node_modules/axios-miniprogram-adapter/node_modules/axios": {
      "version": "0.19.2",
      "resolved": "https://registry.npmjs.org/axios/-/axios-0.19.2.tgz",
      "integrity": "sha512-fjgm5MvRHLhx+osE2xoekY70AhARk3a6hkN+3Io1jc00jtquGvxYlKlsFUhmUET0V5te6CcZI7lcv2Ym61mjHA==",
      "deprecated": "Critical security vulnerability fixed in v0.21.1. For more information, see https://github.com/axios/axios/pull/3410",
      "dependencies": {
        "follow-redirects": "1.5.10"
      }
    },
    "node_modules/axios-wechat-adapter": {
      "version": "0.0.9",
      "resolved": "https://registry.npmjs.org/axios-wechat-adapter/-/axios-wechat-adapter-0.0.9.tgz",
      "integrity": "sha512-QjRG4V5sC5zZAo1U2rU9ayRVH+KwfbyGk02xq6gTKEY1Qd8AEL/A/nzGOcTQKeEiEXy2ndhn4wtoIzOVrMF4LQ==",
      "peerDependencies": {
        "axios": "0.x"
      }
    },
    "node_modules/debug": {
      "version": "3.1.0",
      "resolved": "https://registry.npmjs.org/debug/-/debug-3.1.0.tgz",
      "integrity": "sha512-OX8XqP7/1a9cqkxYw2yXss15f26NKWBpDXQd0/uK/KPqdQhxbPa994hnzjcE2VqQpDslf55723cKPUOGSmMY3g==",
      "dependencies": {
        "ms": "2.0.0"
      }
    },
    "node_modules/follow-redirects": {
      "version": "1.5.10",
      "resolved": "https://registry.npmjs.org/follow-redirects/-/follow-redirects-1.5.10.tgz",
      "integrity": "sha512-0V5l4Cizzvqt5D44aTXbFZz+FtyXV1vrDN6qrelxtfYQKW0KO0W2T/hkE8xvGa/540LkZlkaUjO4ailYTFtHVQ==",
      "dependencies": {
        "debug": "=3.1.0"
      },
      "engines": {
        "node": ">=4.0"
      }
    },
    "node_modules/is-buffer": {
      "version": "2.0.5",
      "resolved": "https://registry.npmjs.org/is-buffer/-/is-buffer-2.0.5.tgz",
      "integrity": "sha512-i2R6zNFDwgEHJyQUtJEk0XFi1i0dPFn/oqjK3/vPCcDeJvW5NQ83V8QbicfF1SupOaB0h8ntgBC2YiE7dfyctQ==",
      "funding": [
        {
          "type": "github",
          "url": "https://github.com/sponsors/feross"
        },
        {
          "type": "patreon",
          "url": "https://www.patreon.com/feross"
        },
        {
          "type": "consulting",
          "url": "https://feross.org/support"
        }
      ],
      "engines": {
        "node": ">=4"
      }
    },
    "node_modules/jsbn": {
      "version": "1.1.0",
      "resolved": "https://registry.npmjs.org/jsbn/-/jsbn-1.1.0.tgz",
      "integrity": "sha512-4bYVV3aAMtDTTu4+xsDYa6sy9GyJ69/amsu9sYF2zqjiEoZA5xJi3BrfX3uY+/IekIu7MwdObdbDWpoZdBv3/A=="
    },
    "node_modules/miniprogram-sm-crypto": {
      "version": "0.3.13",
      "resolved": "https://registry.npmjs.org/miniprogram-sm-crypto/-/miniprogram-sm-crypto-0.3.13.tgz",
      "integrity": "sha512-H7qwbCEmIXZzekCSgEWeHh1mb4cnz0E42YH3U5xqpOaJBB2Sj9ySq0hTGv0f+Jwo5SknABR6fw+EtjnMyJ/O/Q==",
      "dependencies": {
        "jsbn": "^1.1.0"
      }
    },
    "node_modules/moment": {
      "version": "2.30.1",
      "resolved": "https://registry.npmmirror.com/moment/-/moment-2.30.1.tgz",
      "integrity": "sha512-uEmtNhbDOrWPFS+hdjFCBfy9f2YoyzRpwcl+DqpC6taX21FzsTLQVbMV/W7PzNSX6x/bhC1zA3c2UQ5NzH6how==",
      "engines": {
        "node": "*"
      }
    },
    "node_modules/ms": {
      "version": "2.0.0",
      "resolved": "https://registry.npmjs.org/ms/-/ms-2.0.0.tgz",
      "integrity": "sha512-Tpp60P6IUJDTuOq/5Z8cdskzJujfwqfOTkrwIwj7IRISpnkJnT6SyJ4PCPnGMoFjC9ddhal5KVIYtAt97ix05A=="
    },
    "node_modules/rxjs": {
      "version": "7.8.1",
      "resolved": "https://registry.npmmirror.com/rxjs/-/rxjs-7.8.1.tgz",
      "integrity": "sha512-AA3TVj+0A2iuIoQkWEK/tqFjBq2j+6PO6Y0zJcvzLAFhEFIO3HL0vls9hWLncZbAAbK0mar7oZ4V079I/qPMxg==",
      "dependencies": {
        "tslib": "^2.1.0"
      }
    },
    "node_modules/tim-profanity-filter-plugin": {
      "version": "1.1.0",
      "resolved": "https://registry.npmjs.org/tim-profanity-filter-plugin/-/tim-profanity-filter-plugin-1.1.0.tgz",
      "integrity": "sha512-+49p+n5LJs18rSPBvJFyq/m6ib8wiXvPEx2/Sz3M7hhDXAz69WuZ8cB/painNrN0MKAETf6G5cWa6xtVZfAK7A=="
    },
    "node_modules/tim-upload-plugin": {
      "version": "1.3.0",
      "resolved": "https://registry.npmjs.org/tim-upload-plugin/-/tim-upload-plugin-1.3.0.tgz",
      "integrity": "sha512-meoGeB3vOs3FvtBh+ik7zlOj8C03tC6MZEkjc8BKYvgTrCzBWVDXZi9a3X8AM/YtoyuTaeLuEmaLQj1O/5luuw=="
    },
    "node_modules/tslib": {
      "version": "2.6.2",
      "resolved": "https://registry.npmmirror.com/tslib/-/tslib-2.6.2.tgz",
      "integrity": "sha512-AEYxH93jGFPn/a2iVAwW87VuUIkR1FVUKB77NwMF7nBTDkDrrT/Hpt/IrCJ0QXhW27jTBDcf5ZY7w6RiqTMw2Q=="
    }
  },
  "dependencies": {
    "@tencentcloud/chat": {
      "version": "3.2.8",
      "resolved": "https://registry.npmjs.org/@tencentcloud/chat/-/chat-3.2.8.tgz",
      "integrity": "sha512-0T6YO2qIx+bXRBZCdkwJX1SL+isV77PPVnjCkyXw4tQp/s6OU2XwXzO6I9CtlF4Cr7+NztmNVr1n7kA/DHu1Yw=="
    },
    "@tencentcloud/chat-uikit-engine": {
      "version": "2.0.5",
      "resolved": "https://registry.npmjs.org/@tencentcloud/chat-uikit-engine/-/chat-uikit-engine-2.0.5.tgz",
      "integrity": "sha512-yjz+an3D5hRbsqVRjWXl0jV0TH4yXxUv4Nij6E/2V0IQWuiNNh6ysEEUe9jrikjeUIceZ97gxMJgYxL4+3AM7Q==",
      "requires": {
        "@tencentcloud/chat": "latest",
        "tim-profanity-filter-plugin": "latest",
        "tim-upload-plugin": "latest"
      }
    },
    "@tencentcloud/chat-uikit-wechat": {
      "version": "2.0.2",
      "resolved": "https://registry.npmjs.org/@tencentcloud/chat-uikit-wechat/-/chat-uikit-wechat-2.0.2.tgz",
      "integrity": "sha512-/3m/WmJHEC0kjv52kNa9y7pJbIxZHIxyfomhauuFbx2aNyugB3MXRzjFOn6WmCxpXIWtsAgvVJgDoePDNzdrJg==",
      "requires": {
        "@tencentcloud/chat": "latest",
        "@tencentcloud/chat-uikit-engine": "latest",
        "@tencentcloud/tui-core": "latest",
        "@tencentcloud/tui-customer-service-plugin-wechat": "latest",
        "tim-profanity-filter-plugin": "latest",
        "tim-upload-plugin": "latest"
      }
    },
    "@tencentcloud/tui-core": {
      "version": "2.0.5",
      "resolved": "https://registry.npmjs.org/@tencentcloud/tui-core/-/tui-core-2.0.5.tgz",
      "integrity": "sha512-LTdHGw31HEEsZQrvE7MM8yXCG54tLyGFEFPjAbXItsny5iWKUjHkKh7ZHI/Em8NKgDjPKlSW19hXh0HJz9sJZw==",
      "requires": {
        "@tencentcloud/chat": "latest",
        "tim-profanity-filter-plugin": "latest",
        "tim-upload-plugin": "latest"
      }
    },
    "@tencentcloud/tui-customer-service-plugin-wechat": {
      "version": "0.1.0",
      "resolved": "https://registry.npmjs.org/@tencentcloud/tui-customer-service-plugin-wechat/-/tui-customer-service-plugin-wechat-0.1.0.tgz",
      "integrity": "sha512-OQ2bPXHbZxmyrmCdC8riJx+C/ScXDToBNfmNaWLfoG37+sm3wgWyT/ol/vuXKfnwc+QlSX2Fvi2UkajU4DjCCg=="
    },
    "@types/wechat-miniprogram": {
      "version": "3.4.7",
      "resolved": "https://registry.npmjs.org/@types/wechat-miniprogram/-/wechat-miniprogram-3.4.7.tgz",
      "integrity": "sha512-X6SVOOaTPQN24lYBSV5jLuWyIedx8DGJnT0VUBnoNzJruhxotCL28ecGb7AO5JfXOXtHqSS5+CnJ70NxFxmisA=="
    },
    "@vant/weapp": {
      "version": "1.5.0",
      "resolved": "https://registry.npmjs.org/@vant/weapp/-/weapp-1.5.0.tgz",
      "integrity": "sha512-4hBH8U3/GQID+N1fV0m4dTbVR0R0iN06Zr2Xd9XFI2MvYXqtAWCrPkJ5umLxFF1MpZjlS/20V50MsGICgwZBug=="
    },
    "axios": {
      "version": "0.18.1",
      "resolved": "https://registry.npmjs.org/axios/-/axios-0.18.1.tgz",
      "integrity": "sha512-0BfJq4NSfQXd+SkFdrvFbG7addhYSBA2mQwISr46pD6E5iqkWg02RAs8vyTT/j0RTnoYmeXauBuSv1qKwR179g==",
      "requires": {
        "follow-redirects": "1.5.10",
        "is-buffer": "^2.0.2"
      }
    },
    "axios-miniprogram-adapter": {
      "version": "0.3.5",
      "resolved": "https://registry.npmjs.org/axios-miniprogram-adapter/-/axios-miniprogram-adapter-0.3.5.tgz",
      "integrity": "sha512-ZAudH+aTi0QPIy8IQm26F0nxKoTFa/mNhDfxGkG5ndsQe4RVnyyb6f50tIT13nHtNepAjZo9i+UGmTbke5+lbQ==",
      "requires": {
        "axios": "^0.19.2"
      },
      "dependencies": {
        "axios": {
          "version": "0.19.2",
          "resolved": "https://registry.npmjs.org/axios/-/axios-0.19.2.tgz",
          "integrity": "sha512-fjgm5MvRHLhx+osE2xoekY70AhARk3a6hkN+3Io1jc00jtquGvxYlKlsFUhmUET0V5te6CcZI7lcv2Ym61mjHA==",
          "requires": {
            "follow-redirects": "1.5.10"
          }
        }
      }
    },
    "axios-wechat-adapter": {
      "version": "0.0.9",
      "resolved": "https://registry.npmjs.org/axios-wechat-adapter/-/axios-wechat-adapter-0.0.9.tgz",
      "integrity": "sha512-QjRG4V5sC5zZAo1U2rU9ayRVH+KwfbyGk02xq6gTKEY1Qd8AEL/A/nzGOcTQKeEiEXy2ndhn4wtoIzOVrMF4LQ==",
      "requires": {}
    },
    "debug": {
      "version": "3.1.0",
      "resolved": "https://registry.npmjs.org/debug/-/debug-3.1.0.tgz",
      "integrity": "sha512-OX8XqP7/1a9cqkxYw2yXss15f26NKWBpDXQd0/uK/KPqdQhxbPa994hnzjcE2VqQpDslf55723cKPUOGSmMY3g==",
      "requires": {
        "ms": "2.0.0"
      }
    },
    "follow-redirects": {
      "version": "1.5.10",
      "resolved": "https://registry.npmjs.org/follow-redirects/-/follow-redirects-1.5.10.tgz",
      "integrity": "sha512-0V5l4Cizzvqt5D44aTXbFZz+FtyXV1vrDN6qrelxtfYQKW0KO0W2T/hkE8xvGa/540LkZlkaUjO4ailYTFtHVQ==",
      "requires": {
        "debug": "=3.1.0"
      }
    },
    "is-buffer": {
      "version": "2.0.5",
      "resolved": "https://registry.npmjs.org/is-buffer/-/is-buffer-2.0.5.tgz",
      "integrity": "sha512-i2R6zNFDwgEHJyQUtJEk0XFi1i0dPFn/oqjK3/vPCcDeJvW5NQ83V8QbicfF1SupOaB0h8ntgBC2YiE7dfyctQ=="
    },
    "jsbn": {
      "version": "1.1.0",
      "resolved": "https://registry.npmjs.org/jsbn/-/jsbn-1.1.0.tgz",
      "integrity": "sha512-4bYVV3aAMtDTTu4+xsDYa6sy9GyJ69/amsu9sYF2zqjiEoZA5xJi3BrfX3uY+/IekIu7MwdObdbDWpoZdBv3/A=="
    },
    "miniprogram-sm-crypto": {
      "version": "0.3.13",
      "resolved": "https://registry.npmjs.org/miniprogram-sm-crypto/-/miniprogram-sm-crypto-0.3.13.tgz",
      "integrity": "sha512-H7qwbCEmIXZzekCSgEWeHh1mb4cnz0E42YH3U5xqpOaJBB2Sj9ySq0hTGv0f+Jwo5SknABR6fw+EtjnMyJ/O/Q==",
      "requires": {
        "jsbn": "^1.1.0"
      }
    },
    "moment": {
      "version": "2.30.1",
      "resolved": "https://registry.npmmirror.com/moment/-/moment-2.30.1.tgz",
      "integrity": "sha512-uEmtNhbDOrWPFS+hdjFCBfy9f2YoyzRpwcl+DqpC6taX21FzsTLQVbMV/W7PzNSX6x/bhC1zA3c2UQ5NzH6how=="
    },
    "ms": {
      "version": "2.0.0",
      "resolved": "https://registry.npmjs.org/ms/-/ms-2.0.0.tgz",
      "integrity": "sha512-Tpp60P6IUJDTuOq/5Z8cdskzJujfwqfOTkrwIwj7IRISpnkJnT6SyJ4PCPnGMoFjC9ddhal5KVIYtAt97ix05A=="
    },
    "rxjs": {
      "version": "7.8.1",
      "resolved": "https://registry.npmmirror.com/rxjs/-/rxjs-7.8.1.tgz",
      "integrity": "sha512-AA3TVj+0A2iuIoQkWEK/tqFjBq2j+6PO6Y0zJcvzLAFhEFIO3HL0vls9hWLncZbAAbK0mar7oZ4V079I/qPMxg==",
      "requires": {
        "tslib": "^2.1.0"
      }
    },
    "tim-profanity-filter-plugin": {
      "version": "1.1.0",
      "resolved": "https://registry.npmjs.org/tim-profanity-filter-plugin/-/tim-profanity-filter-plugin-1.1.0.tgz",
      "integrity": "sha512-+49p+n5LJs18rSPBvJFyq/m6ib8wiXvPEx2/Sz3M7hhDXAz69WuZ8cB/painNrN0MKAETf6G5cWa6xtVZfAK7A=="
    },
    "tim-upload-plugin": {
      "version": "1.3.0",
      "resolved": "https://registry.npmjs.org/tim-upload-plugin/-/tim-upload-plugin-1.3.0.tgz",
      "integrity": "sha512-meoGeB3vOs3FvtBh+ik7zlOj8C03tC6MZEkjc8BKYvgTrCzBWVDXZi9a3X8AM/YtoyuTaeLuEmaLQj1O/5luuw=="
    },
    "tslib": {
      "version": "2.6.2",
      "resolved": "https://registry.npmmirror.com/tslib/-/tslib-2.6.2.tgz",
      "integrity": "sha512-AEYxH93jGFPn/a2iVAwW87VuUIkR1FVUKB77NwMF7nBTDkDrrT/Hpt/IrCJ0QXhW27jTBDcf5ZY7w6RiqTMw2Q=="
    }
  }
}
